// !$*UTF8*$!
{
	archiveVersion = 1;
	classes = {
	};
	objectVersion = 77;
	objects = {

/* Begin PBXContainerItemProxy section */
		882AC8683044A06000C858B2 /* PBXContainerItemProxy */ = {
			isa = PBXContainerItemProxy;
			containerPortal = 882AC8503044A05D00C858B2 /* Project object */;
			proxyType = 1;
			remoteGlobalIDString = 882AC8573044A05D00C858B2;
			remoteInfo = MyNutritionPal;
		};
		882AC8723044A06000C858B2 /* PBXContainerItemProxy */ = {
			isa = PBXContainerItemProxy;
			containerPortal = 882AC8503044A05D00C858B2 /* Project object */;
			proxyType = 1;
			remoteGlobalIDString = 882AC8573044A05D00C858B2;
			remoteInfo = MyNutritionPal;
		};
/* End PBXContainerItemProxy section */

/* Begin PBXFileReference section */
		882AC8583044A05D00C858B2 /* MyNutritionPal.app */ = {isa = PBXFileReference; explicitFileType = wrapper.application; includeInIndex = 0; path = MyNutritionPal.app; sourceTree = BUILT_PRODUCTS_DIR; };
		882AC8673044A06000C858B2 /* MyNutritionPalTests.xctest */ = {isa = PBXFileReference; explicitFileType = wrapper.cfbundle; includeInIndex = 0; path = MyNutritionPalTests.xctest; sourceTree = BUILT_PRODUCTS_DIR; };
		882AC8713044A06000C858B2 /* MyNutritionPalUITests.xctest */ = {isa = PBXFileReference; explicitFileType = wrapper.cfbundle; includeInIndex = 0; path = MyNutritionPalUITests.xctest; sourceTree = BUILT_PRODUCTS_DIR; };
/* End PBXFileReference section */

/* Begin PBXFileSystemSynchronizedBuildFileExceptionSet section */
		882AC8C230489F2000C858B2 /* Exceptions for "MyNutritionPal" folder in "MyNutritionPal" target */ = {
			isa = PBXFileSystemSynchronizedBuildFileExceptionSet;
			membershipExceptions = (
				Info.plist,
			);
			target = 882AC8573044A05D00C858B2 /* MyNutritionPal */;
		};
/* End PBXFileSystemSynchronizedBuildFileExceptionSet section */

/* Begin PBXFileSystemSynchronizedRootGroup section */
		882AC85A3044A05D00C858B2 /* MyNutritionPal */ = {
			isa = PBXFileSystemSynchronizedRootGroup;
			exceptions = (
				882AC8C230489F2000C858B2 /* Exceptions for "MyNutritionPal" folder in "MyNutritionPal" target */,
			);
			path = MyNutritionPal;
			sourceTree = "<group>";
		};
		882AC86A3044A06000C858B2 /* MyNutritionPalTests */ = {
			isa = PBXFileSystemSynchronizedRootGroup;
			path = MyNutritionPalTests;
			sourceTree = "<group>";
		};
		882AC8743044A06000C858B2 /* MyNutritionPalUITests */ = {
			isa = PBXFileSystemSynchronizedRootGroup;
			path = MyNutritionPalUITests;
			sourceTree = "<group>";
		};
/* End PBXFileSystemSynchronizedRootGroup section */

/* Begin PBXFrameworksBuildPhase section */
		882AC8553044A05D00C858B2 /* Frameworks */ = {
			isa = PBXFrameworksBuildPhase;
			buildActionMask = 2147483647;
			files = (
			);
			runOnlyForDeploymentPostprocessing = 0;
		};
		882AC8643044A06000C858B2 /* Frameworks */ = {
			isa = PBXFrameworksBuildPhase;
			buildActionMask = 2147483647;
			files = (
			);
			runOnlyForDeploymentPostprocessing = 0;
		};
		882AC86E3044A06000C858B2 /* Frameworks */ = {
			isa = PBXFrameworksBuildPhase;
			buildActionMask = 2147483647;
			files = (
			);
			runOnlyForDeploymentPostprocessing = 0;
		};
/* End PBXFrameworksBuildPhase section */

/* Begin PBXGroup section */
		882AC84F3044A05D00C858B2 = {
			isa = PBXGroup;
			children = (
				882AC85A3044A05D00C858B2 /* MyNutritionPal */,
				882AC86A3044A06000C858B2 /* MyNutritionPalTests */,
				882AC8743044A06000C858B2 /* MyNutritionPalUITests */,
				882AC8593044A05D00C858B2 /* Products */,
			);
			sourceTree = "<group>";
		};
		882AC8593044A05D00C858B2 /* Products */ = {
			isa = PBXGroup;
			children = (
				882AC8583044A05D00C858B2 /* MyNutritionPal.app */,
				882AC8673044A06000C858B2 /* MyNutritionPalTests.xctest */,
				882AC8713044A06000C858B2 /* MyNutritionPalUITests.xctest */,
			);
			name = Products;
			sourceTree = "<group>";
		};
/* End PBXGroup section */

/* Begin PBXNativeTarget section */
		882AC8573044A05D00C858B2 /* MyNutritionPal */ = {
			isa = PBXNativeTarget;
			buildConfigurationList = 882AC87B3044A06000C858B2 /* Build configuration list for PBXNativeTarget "MyNutritionPal" */;
			buildPhases = (
				882AC8543044A05D00C858B2 /* Sources */,
				882AC8553044A05D00C858B2 /* Frameworks */,
				882AC8563044A05D00C858B2 /* Resources */,
			);
			buildRules = (
			);
			dependencies = (
			);
			fileSystemSynchronizedGroups = (
				882AC85A3044A05D00C858B2 /* MyNutritionPal */,
			);
			name = MyNutritionPal;
			packageProductDependencies = (
			);
			productName = MyNutritionPal;
			productReference = 882AC8583044A05D00C858B2 /* MyNutritionPal.app */;
			productType = "com.apple.product-type.application";
		};
		882AC8663044A06000C858B2 /* MyNutritionPalTests */ = {
			isa = PBXNativeTarget;
			buildConfigurationList = 882AC87E3044A06000C858B2 /* Build configuration list for PBXNativeTarget "MyNutritionPalTests" */;
			buildPhases = (
				882AC8633044A06000C858B2 /* Sources */,
				882AC8643044A06000C858B2 /* Frameworks */,
				882AC8653044A06000C858B2 /* Resources */,
			);
			buildRules = (
			);
			dependencies = (
				882AC8693044A06000C858B2 /* PBXTargetDependency */,
			);
			fileSystemSynchronizedGroups = (
				882AC86A3044A06000C858B2 /* MyNutritionPalTests */,
			);
			name = MyNutritionPalTests;
			packageProductDependencies = (
			);
			productName = MyNutritionPalTests;
			productReference = 882AC8673044A06000C858B2 /* MyNutritionPalTests.xctest */;
			productType = "com.apple.product-type.bundle.unit-test";
		};
		882AC8703044A06000C858B2 /* MyNutritionPalUITests */ = {
			isa = PBXNativeTarget;
			buildConfigurationList = 882AC8813044A06000C858B2 /* Build configuration list for PBXNativeTarget "MyNutritionPalUITests" */;
			buildPhases = (
				882AC86D3044A06000C858B2 /* Sources */,
				882AC86E3044A06000C858B2 /* Frameworks */,
				882AC86F3044A06000C858B2 /* Resources */,
			);
			buildRules = (
			);
			dependencies = (
				882AC8733044A06000C858B2 /* PBXTargetDependency */,
			);
			fileSystemSynchronizedGroups = (
				882AC8743044A06000C858B2 /* MyNutritionPalUITests */,
			);
			name = MyNutritionPalUITests;
			packageProductDependencies = (
			);
			productName = MyNutritionPalUITests;
			productReference = 882AC8713044A06000C858B2 /* MyNutritionPalUITests.xctest */;
			productType = "com.apple.product-type.bundle.ui-testing";
		};
/* End PBXNativeTarget section */

/* Begin PBXProject section */
		882AC8503044A05D00C858B2 /* Project object */ = {
			isa = PBXProject;
			attributes = {
				BuildIndependentTargetsInParallel = 1;
				LastSwiftUpdateCheck = 1640;
				LastUpgradeCheck = 1640;
				TargetAttributes = {
					882AC8573044A05D00C858B2 = {
						CreatedOnToolsVersion = 16.4;
					};
					882AC8663044A06000C858B2 = {
						CreatedOnToolsVersion = 16.4;
						TestTargetID = 882AC8573044A05D00C858B2;
					};
					882AC8703044A06000C858B2 = {
						CreatedOnToolsVersion = 16.4;
						TestTargetID = 882AC8573044A05D00C858B2;
					};
				};
			};
			buildConfigurationList = 882AC8533044A05D00C858B2 /* Build configuration list for PBXProject "MyNutritionPal" */;
			developmentRegion = en;
			hasScannedForEncodings = 0;
			knownRegions = (
				en,
				Base,
			);
			mainGroup = 882AC84F3044A05D00C858B2;
			minimizedProjectReferenceProxies = 1;
			preferredProjectObjectVersion = 77;
			productRefGroup = 882AC8593044A05D00C858B2 /* Products */;
			projectDirPath = "";
			projectRoot = "";
			targets = (
				882AC8573044A05D00C858B2 /* MyNutritionPal */,
				882AC8663044A06000C858B2 /* MyNutritionPalTests */,
				882AC8703044A06000C858B2 /* MyNutritionPalUITests */,
			);
		};
/* End PBXProject section */

/* Begin PBXResourcesBuildPhase section */
		882AC8563044A05D00C858B2 /* Resources */ = {
			isa = PBXResourcesBuildPhase;
			buildActionMask = 2147483647;
			files = (
			);
			runOnlyForDeploymentPostprocessing = 0;
		};
		882AC8653044A06000C858B2 /* Resources */ = {
			isa = PBXResourcesBuildPhase;
			buildActionMask = 2147483647;
			files = (
			);
			runOnlyForDeploymentPostprocessing = 0;
		};
		882AC86F3044A06000C858B2 /* Resources */ = {
			isa = PBXResourcesBuildPhase;
			buildActionMask = 2147483647;
			files = (
			);
			runOnlyForDeploymentPostprocessing = 0;
		};
/* End PBXResourcesBuildPhase section */

/* Begin PBXSourcesBuildPhase section */
		882AC8543044A05D00C858B2 /* Sources */ = {
			isa = PBXSourcesBuildPhase;
			buildActionMask = 2147483647;
			files = (
			);
			runOnlyForDeploymentPostprocessing = 0;
		};
		882AC8633044A06000C858B2 /* Sources */ = {
			isa = PBXSourcesBuildPhase;
			buildActionMask = 2147483647;
			files = (
			);
			runOnlyForDeploymentPostprocessing = 0;
		};
		882AC86D3044A06000C858B2 /* Sources */ = {
			isa = PBXSourcesBuildPhase;
			buildActionMask = 2147483647;
			files = (
			);
			runOnlyForDeploymentPostprocessing = 0;
		};
/* End PBXSourcesBuildPhase section */

/* Begin PBXTargetDependency section */
		882AC8693044A06000C858B2 /* PBXTargetDependency */ = {
			isa = PBXTargetDependency;
			target = 882AC8573044A05D00C858B2 /* MyNutritionPal */;
			targetProxy = 882AC8683044A06000C858B2 /* PBXContainerItemProxy */;
		};
		882AC8733044A06000C858B2 /* PBXTargetDependency */ = {
			isa = PBXTargetDependency;
			target = 882AC8573044A05D00C858B2 /* MyNutritionPal */;
			targetProxy = 882AC8723044A06000C858B2 /* PBXContainerItemProxy */;
		};
/* End PBXTargetDependency section */

/* Begin XCBuildConfiguration section */
		882AC8793044A06000C858B2 /* Debug */ = {
			isa = XCBuildConfiguration;
			buildSettings = {
				ALWAYS_SEARCH_USER_PATHS = NO;
				ASSETCATALOG_COMPILER_GENERATE_SWIFT_ASSET_SYMBOL_EXTENSIONS = YES;
				CLANG_ANALYZER_NONNULL = YES;
				CLANG_ANALYZER_NUMBER_OBJECT_CONVERSION = YES_AGGRESSIVE;
				CLANG_CXX_LANGUAGE_STANDARD = "gnu++20";
				CLANG_ENABLE_MODULES = YES;
				CLANG_ENABLE_OBJC_ARC = YES;
				CLANG_ENABLE_OBJC_WEAK = YES;
				CLANG_WARN_BLOCK_CAPTURE_AUTORELEASING = YES;
				CLANG_WARN_BOOL_CONVERSION = YES;
				CLANG_WARN_COMMA = YES;
				CLANG_WARN_CONSTANT_CONVERSION = YES;
				CLANG_WARN_DEPRECATED_OBJC_IMPLEMENTATIONS = YES;
				CLANG_WARN_DIRECT_OBJC_ISA_USAGE = YES_ERROR;
				CLANG_WARN_DOCUMENTATION_COMMENTS = YES;
				CLANG_WARN_EMPTY_BODY = YES;
				CLANG_WARN_ENUM_CONVERSION = YES;
				CLANG_WARN_INFINITE_RECURSION = YES;
				CLANG_WARN_INT_CONVERSION = YES;
				CLANG_WARN_NON_LITERAL_NULL_CONVERSION = YES;
				CLANG_WARN_OBJC_IMPLICIT_RETAIN_SELF = YES;
				CLANG_WARN_OBJC_LITERAL_CONVERSION = YES;
				CLANG_WARN_OBJC_ROOT_CLASS = YES_ERROR;
				CLANG_WARN_QUOTED_INCLUDE_IN_FRAMEWORK_HEADER = YES;
				CLANG_WARN_RANGE_LOOP_ANALYSIS = YES;
				CLANG_WARN_STRICT_PROTOTYPES = YES;
				CLANG_WARN_SUSPICIOUS_MOVE = YES;
				CLANG_WARN_UNGUARDED_AVAILABILITY = YES_AGGRESSIVE;
				CLANG_WARN_UNREACHABLE_CODE = YES;
				CLANG_WARN__DUPLICATE_METHOD_MATCH = YES;
				COPY_PHASE_STRIP = NO;
				DEBUG_INFORMATION_FORMAT = dwarf;
				ENABLE_STRICT_OBJC_MSGSEND = YES;
				ENABLE_TESTABILITY = YES;
				ENABLE_USER_SCRIPT_SANDBOXING = YES;
				GCC_C_LANGUAGE_STANDARD = gnu17;
				GCC_DYNAMIC_NO_PIC = NO;
				GCC_NO_COMMON_BLOCKS = YES;
				GCC_OPTIMIZATION_LEVEL = 0;
				GCC_PREPROCESSOR_DEFINITIONS = (
					"DEBUG=1",
					"$(inherited)",
				);
				GCC_WARN_64_TO_32_BIT_CONVERSION = YES;
				GCC_WARN_ABOUT_RETURN_TYPE = YES_ERROR;
				GCC_WARN_UNDECLARED_SELECTOR = YES;
				GCC_WARN_UNINITIALIZED_AUTOS = YES_AGGRESSIVE;
				GCC_WARN_UNUSED_FUNCTION = YES;
				GCC_WARN_UNUSED_VARIABLE = YES;
				IPHONEOS_DEPLOYMENT_TARGET = 18.5;
				LOCALIZATION_PREFERS_STRING_CATALOGS = YES;
				MTL_ENABLE_DEBUG_INFO = INCLUDE_SOURCE;
				MTL_FAST_MATH = YES;
				ONLY_ACTIVE_ARCH = YES;
				SDKROOT = iphoneos;
				SWIFT_ACTIVE_COMPILATION_CONDITIONS = "DEBUG $(inherited)";
				SWIFT_OPTIMIZATION_LEVEL = "-Onone";
			};
			name = Debug;
		};
		882AC87A3044A06000C858B2 /* Release */ = {
			isa = XCBuildConfiguration;
			buildSettings = {
				ALWAYS_SEARCH_USER_PATHS = NO;
				ASSETCATALOG_COMPILER_GENERATE_SWIFT_ASSET_SYMBOL_EXTENSIONS = YES;
				CLANG_ANALYZER_NONNULL = YES;
				CLANG_ANALYZER_NUMBER_OBJECT_CONVERSION = YES_AGGRESSIVE;
				CLANG_CXX_LANGUAGE_STANDARD = "gnu++20";
				CLANG_ENABLE_MODULES = YES;
				CLANG_ENABLE_OBJC_ARC = YES;
				CLANG_ENABLE_OBJC_WEAK = YES;
				CLANG_WARN_BLOCK_CAPTURE_AUTORELEASING = YES;
				CLANG_WARN_BOOL_CONVERSION = YES;
				CLANG_WARN_COMMA = YES;
				CLANG_WARN_CONSTANT_CONVERSION = YES;
				CLANG_WARN_DEPRECATED_OBJC_IMPLEMENTATIONS = YES;
				CLANG_WARN_DIRECT_OBJC_ISA_USAGE = YES_ERROR;
				CLANG_WARN_DOCUMENTATION_COMMENTS = YES;
				CLANG_WARN_EMPTY_BODY = YES;
				CLANG_WARN_ENUM_CONVERSION = YES;
				CLANG_WARN_INFINITE_RECURSION = YES;
				CLANG_WARN_INT_CONVERSION = YES;
				CLANG_WARN_NON_LITERAL_NULL_CONVERSION = YES;
				CLANG_WARN_OBJC_IMPLICIT_RETAIN_SELF = YES;
				CLANG_WARN_OBJC_LITERAL_CONVERSION = YES;
				CLANG_WARN_OBJC_ROOT_CLASS = YES_ERROR;
				CLANG_WARN_QUOTED_INCLUDE_IN_FRAMEWORK_HEADER = YES;
				CLANG_WARN_RANGE_LOOP_ANALYSIS = YES;
				CLANG_WARN_STRICT_PROTOTYPES = YES;
				CLANG_WARN_SUSPICIOUS_MOVE = YES;
				CLANG_WARN_UNGUARDED_AVAILABILITY = YES_AGGRESSIVE;
				CLANG_WARN_UNREACHABLE_CODE = YES;
				CLANG_WARN__DUPLICATE_METHOD_MATCH = YES;
				COPY_PHASE_STRIP = NO;
				DEBUG_INFORMATION_FORMAT = "dwarf-with-dsym";
				ENABLE_NS_ASSERTIONS = NO;
				ENABLE_STRICT_OBJC_MSGSEND = YES;
				ENABLE_USER_SCRIPT_SANDBOXING = YES;
				GCC_C_LANGUAGE_STANDARD = gnu17;
				GCC_NO_COMMON_BLOCKS = YES;
				GCC_WARN_64_TO_32_BIT_CONVERSION = YES;
				GCC_WARN_ABOUT_RETURN_TYPE = YES_ERROR;
				GCC_WARN_UNDECLARED_SELECTOR = YES;
				GCC_WARN_UNINITIALIZED_AUTOS = YES_AGGRESSIVE;
				GCC_WARN_UNUSED_FUNCTION = YES;
				GCC_WARN_UNUSED_VARIABLE = YES;
				IPHONEOS_DEPLOYMENT_TARGET = 18.5;
				LOCALIZATION_PREFERS_STRING_CATALOGS = YES;
				MTL_ENABLE_DEBUG_INFO = NO;
				MTL_FAST_MATH = YES;
				SDKROOT = iphoneos;
				SWIFT_COMPILATION_MODE = wholemodule;
				VALIDATE_PRODUCT = YES;
			};
			name = Release;
		};
		882AC87C3044A06000C858B2 /* Debug */ = {
			isa = XCBuildConfiguration;
			buildSettings = {
				ASSETCATALOG_COMPILER_APPICON_NAME = AppIcon;
				ASSETCATALOG_COMPILER_GLOBAL_ACCENT_COLOR_NAME = AccentColor;
				ASSETCATALOG_COMPILER_INCLUDE_ALL_APPICON_ASSETS = NO;
				CODE_SIGN_STYLE = Automatic;
				CURRENT_PROJECT_VERSION = 1;
				DEVELOPMENT_TEAM = CDM6TKW886;
				ENABLE_PREVIEWS = YES;
				GENERATE_INFOPLIST_FILE = YES;
				INFOPLIST_FILE = MyNutritionPal/Info.plist;
				INFOPLIST_KEY_NSCameraUsageDescription = "Take a picture of your meal to estimate its nutrition.";
				INFOPLIST_KEY_NSLocalNetworkUsageDescription = "Connect to the nutrition server running on my Mac.";
				INFOPLIST_KEY_UIApplicationSceneManifest_Generation = YES;
				INFOPLIST_KEY_UIApplicationSupportsIndirectInputEvents = YES;
				INFOPLIST_KEY_UILaunchScreen_Generation = YES;
				INFOPLIST_KEY_UISupportedInterfaceOrientations_iPad = "UIInterfaceOrientationPortrait UIInterfaceOrientationPortraitUpsideDown UIInterfaceOrientationLandscapeLeft UIInterfaceOrientationLandscapeRight";
				INFOPLIST_KEY_UISupportedInterfaceOrientations_iPhone = "UIInterfaceOrientationPortrait UIInterfaceOrientationLandscapeLeft UIInterfaceOrientationLandscapeRight";
				LD_RUNPATH_SEARCH_PATHS = (
					"$(inherited)",
					"@executable_path/Frameworks",
				);
				MARKETING_VERSION = 1.0;
				PRODUCT_BUNDLE_IDENTIFIER = com.eric.mynutrition.MyNutritionPal;
				PRODUCT_NAME = "$(TARGET_NAME)";
				SWIFT_EMIT_LOC_STRINGS = YES;
				SWIFT_VERSION = 5.0;
				TARGETED_DEVICE_FAMILY = "1,2";
			};
			name = Debug;
		};
		882AC87D3044A06000C858B2 /* Release */ = {
			isa = XCBuildConfiguration;
			buildSettings = {
				ASSETCATALOG_COMPILER_APPICON_NAME = AppIcon;
				ASSETCATALOG_COMPILER_GLOBAL_ACCENT_COLOR_NAME = AccentColor;
				ASSETCATALOG_COMPILER_INCLUDE_ALL_APPICON_ASSETS = NO;
				CODE_SIGN_STYLE = Automatic;
				CURRENT_PROJECT_VERSION = 1;
				DEVELOPMENT_TEAM = CDM6TKW886;
				ENABLE_PREVIEWS = YES;
				GENERATE_INFOPLIST_FILE = YES;
				INFOPLIST_FILE = MyNutritionPal/Info.plist;
				INFOPLIST_KEY_NSCameraUsageDescription = "Take a picture of your meal to estimate its nutrition.";
				INFOPLIST_KEY_NSLocalNetworkUsageDescription = "Connect to the nutrition server running on my Mac.";
				INFOPLIST_KEY_UIApplicationSceneManifest_Generation = YES;
				INFOPLIST_KEY_UIApplicationSupportsIndirectInputEvents = YES;
				INFOPLIST_KEY_UILaunchScreen_Generation = YES;
				INFOPLIST_KEY_UISupportedInterfaceOrientations_iPad = "UIInterfaceOrientationPortrait UIInterfaceOrientationPortraitUpsideDown UIInterfaceOrientationLandscapeLeft UIInterfaceOrientationLandscapeRight";
				INFOPLIST_KEY_UISupportedInterfaceOrientations_iPhone = "UIInterfaceOrientationPortrait UIInterfaceOrientationLandscapeLeft UIInterfaceOrientationLandscapeRight";
				LD_RUNPATH_SEARCH_PATHS = (
					"$(inherited)",
					"@executable_path/Frameworks",
				);
				MARKETING_VERSION = 1.0;
				PRODUCT_BUNDLE_IDENTIFIER = com.eric.mynutrition.MyNutritionPal;
				PRODUCT_NAME = "$(TARGET_NAME)";
				SWIFT_EMIT_LOC_STRINGS = YES;
				SWIFT_VERSION = 5.0;
				TARGETED_DEVICE_FAMILY = "1,2";
			};
			name = Release;
		};
		882AC87F3044A06000C858B2 /* Debug */ = {
			isa = XCBuildConfiguration;
			buildSettings = {
				BUNDLE_LOADER = "$(TEST_HOST)";
				CODE_SIGN_STYLE = Automatic;
				CURRENT_PROJECT_VERSION = 1;
				GENERATE_INFOPLIST_FILE = YES;
				IPHONEOS_DEPLOYMENT_TARGET = 18.5;
				MARKETING_VERSION = 1.0;
				PRODUCT_BUNDLE_IDENTIFIER = com.eric.mynutrition.MyNutritionPalTests;
				PRODUCT_NAME = "$(TARGET_NAME)";
				SWIFT_EMIT_LOC_STRINGS = NO;
				SWIFT_VERSION = 5.0;
				TARGETED_DEVICE_FAMILY = "1,2";
				TEST_HOST = "$(BUILT_PRODUCTS_DIR)/MyNutritionPal.app/$(BUNDLE_EXECUTABLE_FOLDER_PATH)/MyNutritionPal";
			};
			name = Debug;
		};
		882AC8803044A06000C858B2 /* Release */ = {
			isa = XCBuildConfiguration;
			buildSettings = {
				BUNDLE_LOADER = "$(TEST_HOST)";
				CODE_SIGN_STYLE = Automatic;
				CURRENT_PROJECT_VERSION = 1;
				GENERATE_INFOPLIST_FILE = YES;
				IPHONEOS_DEPLOYMENT_TARGET = 18.5;
				MARKETING_VERSION = 1.0;
				PRODUCT_BUNDLE_IDENTIFIER = com.eric.mynutrition.MyNutritionPalTests;
				PRODUCT_NAME = "$(TARGET_NAME)";
				SWIFT_EMIT_LOC_STRINGS = NO;
				SWIFT_VERSION = 5.0;
				TARGETED_DEVICE_FAMILY = "1,2";
				TEST_HOST = "$(BUILT_PRODUCTS_DIR)/MyNutritionPal.app/$(BUNDLE_EXECUTABLE_FOLDER_PATH)/MyNutritionPal";
			};
			name = Release;
		};
		882AC8823044A06000C858B2 /* Debug */ = {
			isa = XCBuildConfiguration;
			buildSettings = {
				CODE_SIGN_STYLE = Automatic;
				CURRENT_PROJECT_VERSION = 1;
				GENERATE_INFOPLIST_FILE = YES;
				MARKETING_VERSION = 1.0;
				PRODUCT_BUNDLE_IDENTIFIER = com.eric.mynutrition.MyNutritionPalUITests;
				PRODUCT_NAME = "$(TARGET_NAME)";
				SWIFT_EMIT_LOC_STRINGS = NO;
				SWIFT_VERSION = 5.0;
				TARGETED_DEVICE_FAMILY = "1,2";
				TEST_TARGET_NAME = MyNutritionPal;
			};
			name = Debug;
		};
		882AC8833044A06000C858B2 /* Release */ = {
			isa = XCBuildConfiguration;
			buildSettings = {
				CODE_SIGN_STYLE = Automatic;
				CURRENT_PROJECT_VERSION = 1;
				GENERATE_INFOPLIST_FILE = YES;
				MARKETING_VERSION = 1.0;
				PRODUCT_BUNDLE_IDENTIFIER = com.eric.mynutrition.MyNutritionPalUITests;
				PRODUCT_NAME = "$(TARGET_NAME)";
				SWIFT_EMIT_LOC_STRINGS = NO;
				SWIFT_VERSION = 5.0;
				TARGETED_DEVICE_FAMILY = "1,2";
				TEST_TARGET_NAME = MyNutritionPal;
			};
			name = Release;
		};
/* End XCBuildConfiguration section */

/* Begin XCConfigurationList section */
		882AC8533044A05D00C858B2 /* Build configuration list for PBXProject "MyNutritionPal" */ = {
			isa = XCConfigurationList;
			buildConfigurations = (
				882AC8793044A06000C858B2 /* Debug */,
				882AC87A3044A06000C858B2 /* Release */,
			);
			defaultConfigurationIsVisible = 0;
			defaultConfigurationName = Release;
		};
		882AC87B3044A06000C858B2 /* Build configuration list for PBXNativeTarget "MyNutritionPal" */ = {
			isa = XCConfigurationList;
			buildConfigurations = (
				882AC87C3044A06000C858B2 /* Debug */,
				882AC87D3044A06000C858B2 /* Release */,
			);
			defaultConfigurationIsVisible = 0;
			defaultConfigurationName = Release;
		};
		882AC87E3044A06000C858B2 /* Build configuration list for PBXNativeTarget "MyNutritionPalTests" */ = {
			isa = XCConfigurationList;
			buildConfigurations = (
				882AC87F3044A06000C858B2 /* Debug */,
				882AC8803044A06000C858B2 /* Release */,
			);
			defaultConfigurationIsVisible = 0;
			defaultConfigurationName = Release;
		};
		882AC8813044A06000C858B2 /* Build configuration list for PBXNativeTarget "MyNutritionPalUITests" */ = {
			isa = XCConfigurationList;
			buildConfigurations = (
				882AC8823044A06000C858B2 /* Debug */,
				882AC8833044A06000C858B2 /* Release */,
			);
			defaultConfigurationIsVisible = 0;
			defaultConfigurationName = Release;
		};
/* End XCConfigurationList section */
	};
	rootObject = 882AC8503044A05D00C858B2 /* Project object */;
}
